// !$*UTF8*$!
{
	archiveVersion = 1;
	classes = {
	};
	objectVersion = 50;
	objects = {

/* Begin PBXBuildFile section */
		3994C48720EB42E500A6527A /* AppDelegate.swift in Sources */ = {isa = PBXBuildFile; fileRef = 3994C48620EB42E500A6527A /* AppDelegate.swift */; };
		3994C48920EB42E500A6527A /* ViewController.swift in Sources */ = {isa = PBXBuildFile; fileRef = 3994C48820EB42E500A6527A /* ViewController.swift */; };
		3994C48C20EB42E500A6527A /* Main.storyboard in Resources */ = {isa = PBXBuildFile; fileRef = 3994C48A20EB42E500A6527A /* Main.storyboard */; };
		3994C48E20EB42E500A6527A /* Assets.xcassets in Resources */ = {isa = PBXBuildFile; fileRef = 3994C48D20EB42E500A6527A /* Assets.xcassets */; };
		3994C49120EB42E500A6527A /* LaunchScreen.storyboard in Resources */ = {isa = PBXBuildFile; fileRef = 3994C48F20EB42E500A6527A /* LaunchScreen.storyboard */; };
		3994C4B520EB50CB00A6527A /* wave.png in Resources */ = {isa = PBXBuildFile; fileRef = 3994C4B420EB50CA00A6527A /* wave.png */; };
/* End PBXBuildFile section */

/* Begin PBXContainerItemProxy section */
		3994C49820EB42E500A6527A /* PBXContainerItemProxy */ = {
			isa = PBXContainerItemProxy;
			containerPortal = 3994C47B20EB42E500A6527A /* Project object */;
			proxyType = 1;
			remoteGlobalIDString = 3994C48220EB42E500A6527A;
			remoteInfo = HelloiPhone;
		};
		3994C4A320EB42E500A6527A /* PBXContainerItemProxy */ = {
			isa = PBXContainerItemProxy;
			containerPortal = 3994C47B20EB42E500A6527A /* Project object */;
			proxyType = 1;
			remoteGlobalIDString = 3994C48220EB42E500A6527A;
			remoteInfo = HelloiPhone;
		};
/* End PBXContainerItemProxy section */

/* Begin PBXFileReference section */
		3994C48320EB42E500A6527A /* HelloiPhone.app */ = {isa = PBXFileReference; explicitFileType = wrapper.application; includeInIndex = 0; path = HelloiPhone.app; sourceTree = BUILT_PRODUCTS_DIR; };
		3994C48620EB42E500A6527A /* AppDelegate.swift */ = {isa = PBXFileReference; lastKnownFileType = sourcecode.swift; path = AppDelegate.swift; sourceTree = "<group>"; };
		3994C48820EB42E500A6527A /* ViewController.swift */ = {isa = PBXFileReference; lastKnownFileType = sourcecode.swift; path = ViewController.swift; sourceTree = "<group>"; };
		3994C48B20EB42E500A6527A /* Base */ = {isa = PBXFileReference; lastKnownFileType = file.storyboard; name = Base; path = Base.lproj/Main.storyboard; sourceTree = "<group>"; };
		3994C48D20EB42E500A6527A /* Assets.xcassets */ = {isa = PBXFileReference; lastKnownFileType = folder.assetcatalog; path = Assets.xcassets; sourceTree = "<group>"; };
		3994C49020EB42E500A6527A /* Base */ = {isa = PBXFileReference; lastKnownFileType = file.storyboard; name = Base; path = Base.lproj/LaunchScreen.storyboard; sourceTree = "<group>"; };
		3994C49220EB42E500A6527A /* Info.plist */ = {isa = PBXFileReference; lastKnownFileType = text.plist.xml; path = Info.plist; sourceTree = "<group>"; };
		3994C49720EB42E500A6527A /* HelloiPhoneTests.xctest */ = {isa = PBXFileReference; explicitFileType = wrapper.cfbundle; includeInIndex = 0; path = HelloiPhoneTests.xctest; sourceTree = BUILT_PRODUCTS_DIR; };
		3994C4A220EB42E500A6527A /* HelloiPhoneUITests.xctest */ = {isa = PBXFileReference; explicitFileType = wrapper.cfbundle; includeInIndex = 0; path = HelloiPhoneUITests.xctest; sourceTree = BUILT_PRODUCTS_DIR; };
		3994C4B420EB50CA00A6527A /* wave.png */ = {isa = PBXFileReference; lastKnownFileType = image.png; path = wave.png; sourceTree = "<group>"; };
/* End PBXFileReference section */

/* Begin PBXFrameworksBuildPhase section */
		3994C48020EB42E500A6527A /* Frameworks */ = {
			isa = PBXFrameworksBuildPhase;
			buildActionMask = 2147483647;
			files = (
			);
			runOnlyForDeploymentPostprocessing = 0;
		};
		3994C49420EB42E500A6527A /* Frameworks */ = {
			isa = PBXFrameworksBuildPhase;
			buildActionMask = 2147483647;
			files = (
			);
			runOnlyForDeploymentPostprocessing = 0;
		};
		3994C49F20EB42E500A6527A /* Frameworks */ = {
			isa = PBXFrameworksBuildPhase;
			buildActionMask = 2147483647;
			files = (
			);
			runOnlyForDeploymentPostprocessing = 0;
		};
/* End PBXFrameworksBuildPhase section */

/* Begin PBXGroup section */
		3994C47A20EB42E500A6527A = {
			isa = PBXGroup;
			children = (
				3994C48520EB42E500A6527A /* HelloiPhone */,
				3994C48420EB42E500A6527A /* Products */,
			);
			sourceTree = "<group>";
		};
		3994C48420EB42E500A6527A /* Products */ = {
			isa = PBXGroup;
			children = (
				3994C48320EB42E500A6527A /* HelloiPhone.app */,
				3994C49720EB42E500A6527A /* HelloiPhoneTests.xctest */,
				3994C4A220EB42E500A6527A /* HelloiPhoneUITests.xctest */,
			);
			name = Products;
			sourceTree = "<group>";
		};
		3994C48520EB42E500A6527A /* HelloiPhone */ = {
			isa = PBXGroup;
			children = (
				3994C4B420EB50CA00A6527A /* wave.png */,
				3994C48620EB42E500A6527A /* AppDelegate.swift */,
				3994C48820EB42E500A6527A /* ViewController.swift */,
				3994C48A20EB42E500A6527A /* Main.storyboard */,
				3994C48D20EB42E500A6527A /* Assets.xcassets */,
				3994C48F20EB42E500A6527A /* LaunchScreen.storyboard */,
				3994C49220EB42E500A6527A /* Info.plist */,
			);
			path = HelloiPhone;
			sourceTree = "<group>";
		};
/* End PBXGroup section */

/* Begin PBXNativeTarget section */
		3994C48220EB42E500A6527A /* HelloiPhone */ = {
			isa = PBXNativeTarget;
			buildConfigurationList = 3994C4AB20EB42E500A6527A /* Build configuration list for PBXNativeTarget "HelloiPhone" */;
			buildPhases = (
				3994C47F20EB42E500A6527A /* Sources */,
				3994C48020EB42E500A6527A /* Frameworks */,
				3994C48120EB42E500A6527A /* Resources */,
			);
			buildRules = (
			);
			dependencies = (
			);
			name = HelloiPhone;
			productName = HelloiPhone;
			productReference = 3994C48320EB42E500A6527A /* HelloiPhone.app */;
			productType = "com.apple.product-type.application";
		};
		3994C49620EB42E500A6527A /* HelloiPhoneTests */ = {
			isa = PBXNativeTarget;
			buildConfigurationList = 3994C4AE20EB42E500A6527A /* Build configuration list for PBXNativeTarget "HelloiPhoneTests" */;
			buildPhases = (
				3994C49320EB42E500A6527A /* Sources */,
				3994C49420EB42E500A6527A /* Frameworks */,
				3994C49520EB42E500A6527A /* Resources */,
			);
			buildRules = (
			);
			dependencies = (
				3994C49920EB42E500A6527A /* PBXTargetDependency */,
			);
			name = HelloiPhoneTests;
			productName = HelloiPhoneTests;
			productReference = 3994C49720EB42E500A6527A /* HelloiPhoneTests.xctest */;
			productType = "com.apple.product-type.bundle.unit-test";
		};
		3994C4A120EB42E500A6527A /* HelloiPhoneUITests */ = {
			isa = PBXNativeTarget;
			buildConfigurationList = 3994C4B120EB42E500A6527A /* Build configuration list for PBXNativeTarget "HelloiPhoneUITests" */;
			buildPhases = (
				3994C49E20EB42E500A6527A /* Sources */,
				3994C49F20EB42E500A6527A /* Frameworks */,
				3994C4A020EB42E500A6527A /* Resources */,
			);
			buildRules = (
			);
			dependencies = (
				3994C4A420EB42E500A6527A /* PBXTargetDependency */,
			);
			name = HelloiPhoneUITests;
			productName = HelloiPhoneUITests;
			productReference = 3994C4A220EB42E500A6527A /* HelloiPhoneUITests.xctest */;
			productType = "com.apple.product-type.bundle.ui-testing";
		};
/* End PBXNativeTarget section */

/* Begin PBXProject section */
		3994C47B20EB42E500A6527A /* Project object */ = {
			isa = PBXProject;
			attributes = {
				LastSwiftUpdateCheck = 0940;
				LastUpgradeCheck = 0940;
				ORGANIZATIONNAME = swuad_34;
				TargetAttributes = {
					3994C48220EB42E500A6527A = {
						CreatedOnToolsVersion = 9.4.1;
					};
					3994C49620EB42E500A6527A = {
						CreatedOnToolsVersion = 9.4.1;
						TestTargetID = 3994C48220EB42E500A6527A;
					};
					3994C4A120EB42E500A6527A = {
						CreatedOnToolsVersion = 9.4.1;
						TestTargetID = 3994C48220EB42E500A6527A;
					};
				};
			};
			buildConfigurationList = 3994C47E20EB42E500A6527A /* Build configuration list for PBXProject "HelloiPhone" */;
			compatibilityVersion = "Xcode 9.3";
			developmentRegion = en;
			hasScannedForEncodings = 0;
			knownRegions = (
				en,
				Base,
			);
			mainGroup = 3994C47A20EB42E500A6527A;
			productRefGroup = 3994C48420EB42E500A6527A /* Products */;
			projectDirPath = "";
			projectRoot = "";
			targets = (
				3994C48220EB42E500A6527A /* HelloiPhone */,
				3994C49620EB42E500A6527A /* HelloiPhoneTests */,
				3994C4A120EB42E500A6527A /* HelloiPhoneUITests */,
			);
		};
/* End PBXProject section */

/* Begin PBXResourcesBuildPhase section */
		3994C48120EB42E500A6527A /* Resources */ = {
			isa = PBXResourcesBuildPhase;
			buildActionMask = 2147483647;
			files = (
				3994C49120EB42E500A6527A /* LaunchScreen.storyboard in Resources */,
				3994C48E20EB42E500A6527A /* Assets.xcassets in Resources */,
				3994C4B520EB50CB00A6527A /* wave.png in Resources */,
				3994C48C20EB42E500A6527A /* Main.storyboard in Resources */,
			);
			runOnlyForDeploymentPostprocessing = 0;
		};
		3994C49520EB42E500A6527A /* Resources */ = {
			isa = PBXResourcesBuildPhase;
			buildActionMask = 2147483647;
			files = (
			);
			runOnlyForDeploymentPostprocessing = 0;
		};
		3994C4A020EB42E500A6527A /* Resources */ = {
			isa = PBXResourcesBuildPhase;
			buildActionMask = 2147483647;
			files = (
			);
			runOnlyForDeploymentPostprocessing = 0;
		};
/* End PBXResourcesBuildPhase section */

/* Begin PBXSourcesBuildPhase section */
		3994C47F20EB42E500A6527A /* Sources */ = {
			isa = PBXSourcesBuildPhase;
			buildActionMask = 2147483647;
			files = (
				3994C48920EB42E500A6527A /* ViewController.swift in Sources */,
				3994C48720EB42E500A6527A /* AppDelegate.swift in Sources */,
			);
			runOnlyForDeploymentPostprocessing = 0;
		};
		3994C49320EB42E500A6527A /* Sources */ = {
			isa = PBXSourcesBuildPhase;
			buildActionMask = 2147483647;
			files = (
			);
			runOnlyForDeploymentPostprocessing = 0;
		};
		3994C49E20EB42E500A6527A /* Sources */ = {
			isa = PBXSourcesBuildPhase;
			buildActionMask = 2147483647;
			files = (
			);
			runOnlyForDeploymentPostprocessing = 0;
		};
/* End PBXSourcesBuildPhase section */

/* Begin PBXTargetDependency section */
		3994C49920EB42E500A6527A /* PBXTargetDependency */ = {
			isa = PBXTargetDependency;
			target = 3994C48220EB42E500A6527A /* HelloiPhone */;
			targetProxy = 3994C49820EB42E500A6527A /* PBXContainerItemProxy */;
		};
		3994C4A420EB42E500A6527A /* PBXTargetDependency */ = {
			isa = PBXTargetDependency;
			target = 3994C48220EB42E500A6527A /* HelloiPhone */;
			targetProxy = 3994C4A320EB42E500A6527A /* PBXContainerItemProxy */;
		};
/* End PBXTargetDependency section */

/* Begin PBXVariantGroup section */
		3994C48A20EB42E500A6527A /* Main.storyboard */ = {
			isa = PBXVariantGroup;
			children = (
				3994C48B20EB42E500A6527A /* Base */,
			);
			name = Main.storyboard;
			sourceTree = "<group>";
		};
		3994C48F20EB42E500A6527A /* LaunchScreen.storyboard */ = {
			isa = PBXVariantGroup;
			children = (
				3994C49020EB42E500A6527A /* Base */,
			);
			name = LaunchScreen.storyboard;
			sourceTree = "<group>";
		};
/* End PBXVariantGroup section */

/* Begin XCBuildConfiguration section */
		3994C4A920EB42E500A6527A /* Debug */ = {
			isa = XCBuildConfiguration;
			buildSettings = {
				ALWAYS_SEARCH_USER_PATHS = NO;
				CLANG_ANALYZER_NONNULL = YES;
				CLANG_ANALYZER_NUMBER_OBJECT_CONVERSION = YES_AGGRESSIVE;
				CLANG_CXX_LANGUAGE_STANDARD = "gnu++14";
				CLANG_CXX_LIBRARY = "libc++";
				CLANG_ENABLE_MODULES = YES;
				CLANG_ENABLE_OBJC_ARC = YES;
				CLANG_ENABLE_OBJC_WEAK = YES;
				CLANG_WARN_BLOCK_CAPTURE_AUTORELEASING = YES;
				CLANG_WARN_BOOL_CONVERSION = YES;
				CLANG_WARN_COMMA = YES;
				CLANG_WARN_CONSTANT_CONVERSION = YES;
				CLANG_WARN_DEPRECATED_OBJC_IMPLEMENTATIONS = YES;
				CLANG_WARN_DIRECT_OBJC_ISA_USAGE = YES_ERROR;
				CLANG_WARN_DOCUMENTATION_COMMENTS = YES;
				CLANG_WARN_EMPTY_BODY = YES;
				CLANG_WARN_ENUM_CONVERSION = YES;
				CLANG_WARN_INFINITE_RECURSION = YES;
				CLANG_WARN_INT_CONVERSION = YES;
				CLANG_WARN_NON_LITERAL_NULL_CONVERSION = YES;
				CLANG_WARN_OBJC_IMPLICIT_RETAIN_SELF = YES;
				CLANG_WARN_OBJC_LITERAL_CONVERSION = YES;
				CLANG_WARN_OBJC_ROOT_CLASS = YES_ERROR;
				CLANG_WARN_RANGE_LOOP_ANALYSIS = YES;
				CLANG_WARN_STRICT_PROTOTYPES = YES;
				CLANG_WARN_SUSPICIOUS_MOVE = YES;
				CLANG_WARN_UNGUARDED_AVAILABILITY = YES_AGGRESSIVE;
				CLANG_WARN_UNREACHABLE_CODE = YES;
				CLANG_WARN__DUPLICATE_METHOD_MATCH = YES;
				CODE_SIGN_IDENTITY = "iPhone Developer";
				COPY_PHASE_STRIP = NO;
				DEBUG_INFORMATION_FORMAT = dwarf;
				ENABLE_STRICT_OBJC_MSGSEND = YES;
				ENABLE_TESTABILITY = YES;
				GCC_C_LANGUAGE_STANDARD = gnu11;
				GCC_DYNAMIC_NO_PIC = NO;
				GCC_NO_COMMON_BLOCKS = YES;
				GCC_OPTIMIZATION_LEVEL = 0;
				GCC_PREPROCESSOR_DEFINITIONS = (
					"DEBUG=1",
					"$(inherited)",
				);
				GCC_WARN_64_TO_32_BIT_CONVERSION = YES;
				GCC_WARN_ABOUT_RETURN_TYPE = YES_ERROR;
				GCC_WARN_UNDECLARED_SELECTOR = YES;
				GCC_WARN_UNINITIALIZED_AUTOS = YES_AGGRESSIVE;
				GCC_WARN_UNUSED_FUNCTION = YES;
				GCC_WARN_UNUSED_VARIABLE = YES;
				IPHONEOS_DEPLOYMENT_TARGET = 11.4;
				MTL_ENABLE_DEBUG_INFO = YES;
				ONLY_ACTIVE_ARCH = YES;
				SDKROOT = iphoneos;
				SWIFT_ACTIVE_COMPILATION_CONDITIONS = DEBUG;
				SWIFT_OPTIMIZATION_LEVEL = "-Onone";
			};
			name = Debug;
		};
		3994C4AA20EB42E500A6527A /* Release */ = {
			isa = XCBuildConfiguration;
			buildSettings = {
				ALWAYS_SEARCH_USER_PATHS = NO;
				CLANG_ANALYZER_NONNULL = YES;
				CLANG_ANALYZER_NUMBER_OBJECT_CONVERSION = YES_AGGRESSIVE;
				CLANG_CXX_LANGUAGE_STANDARD = "gnu++14";
				CLANG_CXX_LIBRARY = "libc++";
				CLANG_ENABLE_MODULES = YES;
				CLANG_ENABLE_OBJC_ARC = YES;
				CLANG_ENABLE_OBJC_WEAK = YES;
				CLANG_WARN_BLOCK_CAPTURE_AUTORELEASING = YES;
				CLANG_WARN_BOOL_CONVERSION = YES;
				CLANG_WARN_COMMA = YES;
				CLANG_WARN_CONSTANT_CONVERSION = YES;
				CLANG_WARN_DEPRECATED_OBJC_IMPLEMENTATIONS = YES;
				CLANG_WARN_DIRECT_OBJC_ISA_USAGE = YES_ERROR;
				CLANG_WARN_DOCUMENTATION_COMMENTS = YES;
				CLANG_WARN_EMPTY_BODY = YES;
				CLANG_WARN_ENUM_CONVERSION = YES;
				CLANG_WARN_INFINITE_RECURSION = YES;
				CLANG_WARN_INT_CONVERSION = YES;
				CLANG_WARN_NON_LITERAL_NULL_CONVERSION = YES;
				CLANG_WARN_OBJC_IMPLICIT_RETAIN_SELF = YES;
				CLANG_WARN_OBJC_LITERAL_CONVERSION = YES;
				CLANG_WARN_OBJC_ROOT_CLASS = YES_ERROR;
				CLANG_WARN_RANGE_LOOP_ANALYSIS = YES;
				CLANG_WARN_STRICT_PROTOTYPES = YES;
				CLANG_WARN_SUSPICIOUS_MOVE = YES;
				CLANG_WARN_UNGUARDED_AVAILABILITY = YES_AGGRESSIVE;
				CLANG_WARN_UNREACHABLE_CODE = YES;
				CLANG_WARN__DUPLICATE_METHOD_MATCH = YES;
				CODE_SIGN_IDENTITY = "iPhone Developer";
				COPY_PHASE_STRIP = NO;
				DEBUG_INFORMATION_FORMAT = "dwarf-with-dsym";
				ENABLE_NS_ASSERTIONS = NO;
				ENABLE_STRICT_OBJC_MSGSEND = YES;
				GCC_C_LANGUAGE_STANDARD = gnu11;
				GCC_NO_COMMON_BLOCKS = YES;
				GCC_WARN_64_TO_32_BIT_CONVERSION = YES;
				GCC_WARN_ABOUT_RETURN_TYPE = YES_ERROR;
				GCC_WARN_UNDECLARED_SELECTOR = YES;
				GCC_WARN_UNINITIALIZED_AUTOS = YES_AGGRESSIVE;
				GCC_WARN_UNUSED_FUNCTION = YES;
				GCC_WARN_UNUSED_VARIABLE = YES;
				IPHONEOS_DEPLOYMENT_TARGET = 11.4;
				MTL_ENABLE_DEBUG_INFO = NO;
				SDKROOT = iphoneos;
				SWIFT_COMPILATION_MODE = wholemodule;
				SWIFT_OPTIMIZATION_LEVEL = "-O";
				VALIDATE_PRODUCT = YES;
			};
			name = Release;
		};
		3994C4AC20EB42E500A6527A /* Debug */ = {
			isa = XCBuildConfiguration;
			buildSettings = {
				ASSETCATALOG_COMPILER_APPICON_NAME = AppIcon;
				CODE_SIGN_STYLE = Automatic;
				INFOPLIST_FILE = HelloiPhone/Info.plist;
				LD_RUNPATH_SEARCH_PATHS = (
					"$(inherited)",
					"@executable_path/Frameworks",
				);
				PRODUCT_BUNDLE_IDENTIFIER = soyeon.HelloiPhone;
				PRODUCT_NAME = "$(TARGET_NAME)";
				SWIFT_VERSION = 4.0;
				TARGETED_DEVICE_FAMILY = "1,2";
			};
			name = Debug;
		};
		3994C4AD20EB42E500A6527A /* Release */ = {
			isa = XCBuildConfiguration;
			buildSettings = {
				ASSETCATALOG_COMPILER_APPICON_NAME = AppIcon;
				CODE_SIGN_STYLE = Automatic;
				INFOPLIST_FILE = HelloiPhone/Info.plist;
				LD_RUNPATH_SEARCH_PATHS = (
					"$(inherited)",
					"@executable_path/Frameworks",
				);
				PRODUCT_BUNDLE_IDENTIFIER = soyeon.HelloiPhone;
				PRODUCT_NAME = "$(TARGET_NAME)";
				SWIFT_VERSION = 4.0;
				TARGETED_DEVICE_FAMILY = "1,2";
			};
			name = Release;
		};
		3994C4AF20EB42E500A6527A /* Debug */ = {
			isa = XCBuildConfiguration;
			buildSettings = {
				ALWAYS_EMBED_SWIFT_STANDARD_LIBRARIES = YES;
				BUNDLE_LOADER = "$(TEST_HOST)";
				CODE_SIGN_STYLE = Automatic;
				INFOPLIST_FILE = HelloiPhoneTests/Info.plist;
				LD_RUNPATH_SEARCH_PATHS = (
					"$(inherited)",
					"@executable_path/Frameworks",
					"@loader_path/Frameworks",
				);
				PRODUCT_BUNDLE_IDENTIFIER = soyeon.HelloiPhoneTests;
				PRODUCT_NAME = "$(TARGET_NAME)";
				SWIFT_VERSION = 4.0;
				TARGETED_DEVICE_FAMILY = "1,2";
				TEST_HOST = "$(BUILT_PRODUCTS_DIR)/HelloiPhone.app/HelloiPhone";
			};
			name = Debug;
		};
		3994C4B020EB42E500A6527A /* Release */ = {
			isa = XCBuildConfiguration;
			buildSettings = {
				ALWAYS_EMBED_SWIFT_STANDARD_LIBRARIES = YES;
				BUNDLE_LOADER = "$(TEST_HOST)";
				CODE_SIGN_STYLE = Automatic;
				INFOPLIST_FILE = HelloiPhoneTests/Info.plist;
				LD_RUNPATH_SEARCH_PATHS = (
					"$(inherited)",
					"@executable_path/Frameworks",
					"@loader_path/Frameworks",
				);
				PRODUCT_BUNDLE_IDENTIFIER = soyeon.HelloiPhoneTests;
				PRODUCT_NAME = "$(TARGET_NAME)";
				SWIFT_VERSION = 4.0;
				TARGETED_DEVICE_FAMILY = "1,2";
				TEST_HOST = "$(BUILT_PRODUCTS_DIR)/HelloiPhone.app/HelloiPhone";
			};
			name = Release;
		};
		3994C4B220EB42E500A6527A /* Debug */ = {
			isa = XCBuildConfiguration;
			buildSettings = {
				ALWAYS_EMBED_SWIFT_STANDARD_LIBRARIES = YES;
				CODE_SIGN_STYLE = Automatic;
				INFOPLIST_FILE = HelloiPhoneUITests/Info.plist;
				LD_RUNPATH_SEARCH_PATHS = (
					"$(inherited)",
					"@executable_path/Frameworks",
					"@loader_path/Frameworks",
				);
				PRODUCT_BUNDLE_IDENTIFIER = soyeon.HelloiPhoneUITests;
				PRODUCT_NAME = "$(TARGET_NAME)";
				SWIFT_VERSION = 4.0;
				TARGETED_DEVICE_FAMILY = "1,2";
				TEST_TARGET_NAME = HelloiPhone;
			};
			name = Debug;
		};
		3994C4B320EB42E500A6527A /* Release */ = {
			isa = XCBuildConfiguration;
			buildSettings = {
				ALWAYS_EMBED_SWIFT_STANDARD_LIBRARIES = YES;
				CODE_SIGN_STYLE = Automatic;
				INFOPLIST_FILE = HelloiPhoneUITests/Info.plist;
				LD_RUNPATH_SEARCH_PATHS = (
					"$(inherited)",
					"@executable_path/Frameworks",
					"@loader_path/Frameworks",
				);
				PRODUCT_BUNDLE_IDENTIFIER = soyeon.HelloiPhoneUITests;
				PRODUCT_NAME = "$(TARGET_NAME)";
				SWIFT_VERSION = 4.0;
				TARGETED_DEVICE_FAMILY = "1,2";
				TEST_TARGET_NAME = HelloiPhone;
			};
			name = Release;
		};
/* End XCBuildConfiguration section */

/* Begin XCConfigurationList section */
		3994C47E20EB42E500A6527A /* Build configuration list for PBXProject "HelloiPhone" */ = {
			isa = XCConfigurationList;
			buildConfigurations = (
				3994C4A920EB42E500A6527A /* Debug */,
				3994C4AA20EB42E500A6527A /* Release */,
			);
			defaultConfigurationIsVisible = 0;
			defaultConfigurationName = Release;
		};
		3994C4AB20EB42E500A6527A /* Build configuration list for PBXNativeTarget "HelloiPhone" */ = {
			isa = XCConfigurationList;
			buildConfigurations = (
				3994C4AC20EB42E500A6527A /* Debug */,
				3994C4AD20EB42E500A6527A /* Release */,
			);
			defaultConfigurationIsVisible = 0;
			defaultConfigurationName = Release;
		};
		3994C4AE20EB42E500A6527A /* Build configuration list for PBXNativeTarget "HelloiPhoneTests" */ = {
			isa = XCConfigurationList;
			buildConfigurations = (
				3994C4AF20EB42E500A6527A /* Debug */,
				3994C4B020EB42E500A6527A /* Release */,
			);
			defaultConfigurationIsVisible = 0;
			defaultConfigurationName = Release;
		};
		3994C4B120EB42E500A6527A /* Build configuration list for PBXNativeTarget "HelloiPhoneUITests" */ = {
			isa = XCConfigurationList;
			buildConfigurations = (
				3994C4B220EB42E500A6527A /* Debug */,
				3994C4B320EB42E500A6527A /* Release */,
			);
			defaultConfigurationIsVisible = 0;
			defaultConfigurationName = Release;
		};
/* End XCConfigurationList section */
	};
	rootObject = 3994C47B20EB42E500A6527A /* Project object */;
}
